// !$*UTF8*$!
{
	archiveVersion = 1;
	classes = {
	};
	objectVersion = 55;
	objects = {

/* Begin PBXBuildFile section */
		04104DC2284A31E000FCFC04 /* sintyaAFL4App.swift in Sources */ = {isa = PBXBuildFile; fileRef = 04104DC1284A31E000FCFC04 /* sintyaAFL4App.swift */; };
		04104DC4284A31E000FCFC04 /* ContentView.swift in Sources */ = {isa = PBXBuildFile; fileRef = 04104DC3284A31E000FCFC04 /* ContentView.swift */; };
		04104DC6284A31E100FCFC04 /* Assets.xcassets in Resources */ = {isa = PBXBuildFile; fileRef = 04104DC5284A31E100FCFC04 /* Assets.xcassets */; };
		04104DC9284A31E100FCFC04 /* Preview Assets.xcassets in Resources */ = {isa = PBXBuildFile; fileRef = 04104DC8284A31E100FCFC04 /* Preview Assets.xcassets */; };
		04104DD0284A33A400FCFC04 /* news.json in Resources */ = {isa = PBXBuildFile; fileRef = 04104DCF284A33A400FCFC04 /* news.json */; };
		04104DD3284A34FD00FCFC04 /* Article.swift in Sources */ = {isa = PBXBuildFile; fileRef = 04104DD2284A34FD00FCFC04 /* Article.swift */; };
		04104DD5284A35EE00FCFC04 /* NewsAPIResponse.swift in Sources */ = {isa = PBXBuildFile; fileRef = 04104DD4284A35EE00FCFC04 /* NewsAPIResponse.swift */; };
		04104DD7284A369A00FCFC04 /* ArticleRowView.swift in Sources */ = {isa = PBXBuildFile; fileRef = 04104DD6284A369A00FCFC04 /* ArticleRowView.swift */; };
		04104DDB284A3DFB00FCFC04 /* ArticleListView.swift in Sources */ = {isa = PBXBuildFile; fileRef = 04104DDA284A3DFB00FCFC04 /* ArticleListView.swift */; };
		04104DDD284A3F3700FCFC04 /* SafariView.swift in Sources */ = {isa = PBXBuildFile; fileRef = 04104DDC284A3F3700FCFC04 /* SafariView.swift */; };
		04104DE0284A453900FCFC04 /* NewsAPI.swift in Sources */ = {isa = PBXBuildFile; fileRef = 04104DDF284A453900FCFC04 /* NewsAPI.swift */; };
		04104DE2284A464C00FCFC04 /* Category.swift in Sources */ = {isa = PBXBuildFile; fileRef = 04104DE1284A464C00FCFC04 /* Category.swift */; };
		04104DE5284A5D2300FCFC04 /* ArticleNewsViewModel.swift in Sources */ = {isa = PBXBuildFile; fileRef = 04104DE4284A5D2300FCFC04 /* ArticleNewsViewModel.swift */; };
		04104DE7284A5FEF00FCFC04 /* NewsTabsView.swift in Sources */ = {isa = PBXBuildFile; fileRef = 04104DE6284A5FEF00FCFC04 /* NewsTabsView.swift */; };
		04104DE9284A66C200FCFC04 /* EmptyPlaceHolderView.swift in Sources */ = {isa = PBXBuildFile; fileRef = 04104DE8284A66C200FCFC04 /* EmptyPlaceHolderView.swift */; };
		04104DEB284A680000FCFC04 /* RetryView.swift in Sources */ = {isa = PBXBuildFile; fileRef = 04104DEA284A680000FCFC04 /* RetryView.swift */; };
		04104DED284B839D00FCFC04 /* ArticleBookmarkViewModel.swift in Sources */ = {isa = PBXBuildFile; fileRef = 04104DEC284B839D00FCFC04 /* ArticleBookmarkViewModel.swift */; };
		04104DEF284B884800FCFC04 /* BookmarkTabView.swift in Sources */ = {isa = PBXBuildFile; fileRef = 04104DEE284B884800FCFC04 /* BookmarkTabView.swift */; };
		04104DF1284B8A7800FCFC04 /* DataStore.swift in Sources */ = {isa = PBXBuildFile; fileRef = 04104DF0284B8A7800FCFC04 /* DataStore.swift */; };
		04104DF3284B91DD00FCFC04 /* ArticleSearchViewModel.swift in Sources */ = {isa = PBXBuildFile; fileRef = 04104DF2284B91DD00FCFC04 /* ArticleSearchViewModel.swift */; };
		04104DF7284B94E800FCFC04 /* SearchTabView.swift in Sources */ = {isa = PBXBuildFile; fileRef = 04104DF6284B94E800FCFC04 /* SearchTabView.swift */; };
		04104DF9284B9B2F00FCFC04 /* SearchHistoryListView.swift in Sources */ = {isa = PBXBuildFile; fileRef = 04104DF8284B9B2F00FCFC04 /* SearchHistoryListView.swift */; };
/* End PBXBuildFile section */

/* Begin PBXFileReference section */
		04104DBE284A31E000FCFC04 /* sintyaAFL4.app */ = {isa = PBXFileReference; explicitFileType = wrapper.application; includeInIndex = 0; path = sintyaAFL4.app; sourceTree = BUILT_PRODUCTS_DIR; };
		04104DC1284A31E000FCFC04 /* sintyaAFL4App.swift */ = {isa = PBXFileReference; lastKnownFileType = sourcecode.swift; path = sintyaAFL4App.swift; sourceTree = "<group>"; };
		04104DC3284A31E000FCFC04 /* ContentView.swift */ = {isa = PBXFileReference; lastKnownFileType = sourcecode.swift; path = ContentView.swift; sourceTree = "<group>"; };
		04104DC5284A31E100FCFC04 /* Assets.xcassets */ = {isa = PBXFileReference; lastKnownFileType = folder.assetcatalog; path = Assets.xcassets; sourceTree = "<group>"; };
		04104DC8284A31E100FCFC04 /* Preview Assets.xcassets */ = {isa = PBXFileReference; lastKnownFileType = folder.assetcatalog; path = "Preview Assets.xcassets"; sourceTree = "<group>"; };
		04104DCF284A33A400FCFC04 /* news.json */ = {isa = PBXFileReference; lastKnownFileType = text.json; path = news.json; sourceTree = "<group>"; };
		04104DD2284A34FD00FCFC04 /* Article.swift */ = {isa = PBXFileReference; lastKnownFileType = sourcecode.swift; path = Article.swift; sourceTree = "<group>"; };
		04104DD4284A35EE00FCFC04 /* NewsAPIResponse.swift */ = {isa = PBXFileReference; lastKnownFileType = sourcecode.swift; path = NewsAPIResponse.swift; sourceTree = "<group>"; };
		04104DD6284A369A00FCFC04 /* ArticleRowView.swift */ = {isa = PBXFileReference; lastKnownFileType = sourcecode.swift; path = ArticleRowView.swift; sourceTree = "<group>"; };
		04104DD9284A39E500FCFC04 /* Info.plist */ = {isa = PBXFileReference; lastKnownFileType = text.plist; path = Info.plist; sourceTree = "<group>"; };
		04104DDA284A3DFB00FCFC04 /* ArticleListView.swift */ = {isa = PBXFileReference; lastKnownFileType = sourcecode.swift; path = ArticleListView.swift; sourceTree = "<group>"; };
		04104DDC284A3F3700FCFC04 /* SafariView.swift */ = {isa = PBXFileReference; lastKnownFileType = sourcecode.swift; path = SafariView.swift; sourceTree = "<group>"; };
		04104DDF284A453900FCFC04 /* NewsAPI.swift */ = {isa = PBXFileReference; lastKnownFileType = sourcecode.swift; path = NewsAPI.swift; sourceTree = "<group>"; };
		04104DE1284A464C00FCFC04 /* Category.swift */ = {isa = PBXFileReference; lastKnownFileType = sourcecode.swift; path = Category.swift; sourceTree = "<group>"; };
		04104DE4284A5D2300FCFC04 /* ArticleNewsViewModel.swift */ = {isa = PBXFileReference; lastKnownFileType = sourcecode.swift; path = ArticleNewsViewModel.swift; sourceTree = "<group>"; };
		04104DE6284A5FEF00FCFC04 /* NewsTabsView.swift */ = {isa = PBXFileReference; lastKnownFileType = sourcecode.swift; path = NewsTabsView.swift; sourceTree = "<group>"; };
		04104DE8284A66C200FCFC04 /* EmptyPlaceHolderView.swift */ = {isa = PBXFileReference; lastKnownFileType = sourcecode.swift; path = EmptyPlaceHolderView.swift; sourceTree = "<group>"; };
		04104DEA284A680000FCFC04 /* RetryView.swift */ = {isa = PBXFileReference; lastKnownFileType = sourcecode.swift; path = RetryView.swift; sourceTree = "<group>"; };
		04104DEC284B839D00FCFC04 /* ArticleBookmarkViewModel.swift */ = {isa = PBXFileReference; lastKnownFileType = sourcecode.swift; path = ArticleBookmarkViewModel.swift; sourceTree = "<group>"; };
		04104DEE284B884800FCFC04 /* BookmarkTabView.swift */ = {isa = PBXFileReference; lastKnownFileType = sourcecode.swift; path = BookmarkTabView.swift; sourceTree = "<group>"; };
		04104DF0284B8A7800FCFC04 /* DataStore.swift */ = {isa = PBXFileReference; lastKnownFileType = sourcecode.swift; path = DataStore.swift; sourceTree = "<group>"; };
		04104DF2284B91DD00FCFC04 /* ArticleSearchViewModel.swift */ = {isa = PBXFileReference; lastKnownFileType = sourcecode.swift; path = ArticleSearchViewModel.swift; sourceTree = "<group>"; };
		04104DF6284B94E800FCFC04 /* SearchTabView.swift */ = {isa = PBXFileReference; lastKnownFileType = sourcecode.swift; path = SearchTabView.swift; sourceTree = "<group>"; };
		04104DF8284B9B2F00FCFC04 /* SearchHistoryListView.swift */ = {isa = PBXFileReference; lastKnownFileType = sourcecode.swift; path = SearchHistoryListView.swift; sourceTree = "<group>"; };
/* End PBXFileReference section */

/* Begin PBXFrameworksBuildPhase section */
		04104DBB284A31E000FCFC04 /* Frameworks */ = {
			isa = PBXFrameworksBuildPhase;
			buildActionMask = 2147483647;
			files = (
			);
			runOnlyForDeploymentPostprocessing = 0;
		};
/* End PBXFrameworksBuildPhase section */

/* Begin PBXGroup section */
		04104DB5284A31E000FCFC04 = {
			isa = PBXGroup;
			children = (
				04104DC0284A31E000FCFC04 /* sintyaAFL4 */,
				04104DBF284A31E000FCFC04 /* Products */,
			);
			sourceTree = "<group>";
		};
		04104DBF284A31E000FCFC04 /* Products */ = {
			isa = PBXGroup;
			children = (
				04104DBE284A31E000FCFC04 /* sintyaAFL4.app */,
			);
			name = Products;
			sourceTree = "<group>";
		};
		04104DC0284A31E000FCFC04 /* sintyaAFL4 */ = {
			isa = PBXGroup;
			children = (
				04104DE3284A5CEF00FCFC04 /* ViewModel */,
				04104DDE284A450200FCFC04 /* API */,
				04104DC3284A31E000FCFC04 /* ContentView.swift */,
				04104DD9284A39E500FCFC04 /* Info.plist */,
				04104DD8284A36BD00FCFC04 /* Views */,
				04104DD1284A34DC00FCFC04 /* models */,
				04104DC1284A31E000FCFC04 /* sintyaAFL4App.swift */,
				04104DC5284A31E100FCFC04 /* Assets.xcassets */,
				04104DC7284A31E100FCFC04 /* Preview Content */,
				04104DCF284A33A400FCFC04 /* news.json */,
			);
			path = sintyaAFL4;
			sourceTree = "<group>";
		};
		04104DC7284A31E100FCFC04 /* Preview Content */ = {
			isa = PBXGroup;
			children = (
				04104DC8284A31E100FCFC04 /* Preview Assets.xcassets */,
			);
			path = "Preview Content";
			sourceTree = "<group>";
		};
		04104DD1284A34DC00FCFC04 /* models */ = {
			isa = PBXGroup;
			children = (
				04104DD2284A34FD00FCFC04 /* Article.swift */,
				04104DD4284A35EE00FCFC04 /* NewsAPIResponse.swift */,
				04104DE1284A464C00FCFC04 /* Category.swift */,
				04104DF0284B8A7800FCFC04 /* DataStore.swift */,
			);
			path = models;
			sourceTree = "<group>";
		};
		04104DD8284A36BD00FCFC04 /* Views */ = {
			isa = PBXGroup;
			children = (
				04104DD6284A369A00FCFC04 /* ArticleRowView.swift */,
				04104DDA284A3DFB00FCFC04 /* ArticleListView.swift */,
				04104DDC284A3F3700FCFC04 /* SafariView.swift */,
				04104DE6284A5FEF00FCFC04 /* NewsTabsView.swift */,
				04104DE8284A66C200FCFC04 /* EmptyPlaceHolderView.swift */,
				04104DEA284A680000FCFC04 /* RetryView.swift */,
				04104DEE284B884800FCFC04 /* BookmarkTabView.swift */,
				04104DF6284B94E800FCFC04 /* SearchTabView.swift */,
				04104DF8284B9B2F00FCFC04 /* SearchHistoryListView.swift */,
			);
			path = Views;
			sourceTree = "<group>";
		};
		04104DDE284A450200FCFC04 /* API */ = {
			isa = PBXGroup;
			children = (
				04104DDF284A453900FCFC04 /* NewsAPI.swift */,
			);
			path = API;
			sourceTree = "<group>";
		};
		04104DE3284A5CEF00FCFC04 /* ViewModel */ = {
			isa = PBXGroup;
			children = (
				04104DE4284A5D2300FCFC04 /* ArticleNewsViewModel.swift */,
				04104DEC284B839D00FCFC04 /* ArticleBookmarkViewModel.swift */,
				04104DF2284B91DD00FCFC04 /* ArticleSearchViewModel.swift */,
			);
			path = ViewModel;
			sourceTree = "<group>";
		};
/* End PBXGroup section */

/* Begin PBXNativeTarget section */
		04104DBD284A31E000FCFC04 /* sintyaAFL4 */ = {
			isa = PBXNativeTarget;
			buildConfigurationList = 04104DCC284A31E100FCFC04 /* Build configuration list for PBXNativeTarget "sintyaAFL4" */;
			buildPhases = (
				04104DBA284A31E000FCFC04 /* Sources */,
				04104DBB284A31E000FCFC04 /* Frameworks */,
				04104DBC284A31E000FCFC04 /* Resources */,
			);
			buildRules = (
			);
			dependencies = (
			);
			name = sintyaAFL4;
			productName = sintyaAFL4;
			productReference = 04104DBE284A31E000FCFC04 /* sintyaAFL4.app */;
			productType = "com.apple.product-type.application";
		};
/* End PBXNativeTarget section */

/* Begin PBXProject section */
		04104DB6284A31E000FCFC04 /* Project object */ = {
			isa = PBXProject;
			attributes = {
				BuildIndependentTargetsInParallel = 1;
				LastSwiftUpdateCheck = 1320;
				LastUpgradeCheck = 1320;
				TargetAttributes = {
					04104DBD284A31E000FCFC04 = {
						CreatedOnToolsVersion = 13.2.1;
					};
				};
			};
			buildConfigurationList = 04104DB9284A31E000FCFC04 /* Build configuration list for PBXProject "sintyaAFL4" */;
			compatibilityVersion = "Xcode 13.0";
			developmentRegion = en;
			hasScannedForEncodings = 0;
			knownRegions = (
				en,
				Base,
			);
			mainGroup = 04104DB5284A31E000FCFC04;
			productRefGroup = 04104DBF284A31E000FCFC04 /* Products */;
			projectDirPath = "";
			projectRoot = "";
			targets = (
				04104DBD284A31E000FCFC04 /* sintyaAFL4 */,
			);
		};
/* End PBXProject section */

/* Begin PBXResourcesBuildPhase section */
		04104DBC284A31E000FCFC04 /* Resources */ = {
			isa = PBXResourcesBuildPhase;
			buildActionMask = 2147483647;
			files = (
				04104DD0284A33A400FCFC04 /* news.json in Resources */,
				04104DC9284A31E100FCFC04 /* Preview Assets.xcassets in Resources */,
				04104DC6284A31E100FCFC04 /* Assets.xcassets in Resources */,
			);
			runOnlyForDeploymentPostprocessing = 0;
		};
/* End PBXResourcesBuildPhase section */

/* Begin PBXSourcesBuildPhase section */
		04104DBA284A31E000FCFC04 /* Sources */ = {
			isa = PBXSourcesBuildPhase;
			buildActionMask = 2147483647;
			files = (
				04104DC4284A31E000FCFC04 /* ContentView.swift in Sources */,
				04104DF1284B8A7800FCFC04 /* DataStore.swift in Sources */,
				04104DDB284A3DFB00FCFC04 /* ArticleListView.swift in Sources */,
				04104DE9284A66C200FCFC04 /* EmptyPlaceHolderView.swift in Sources */,
				04104DD7284A369A00FCFC04 /* ArticleRowView.swift in Sources */,
				04104DF9284B9B2F00FCFC04 /* SearchHistoryListView.swift in Sources */,
				04104DEB284A680000FCFC04 /* RetryView.swift in Sources */,
				04104DC2284A31E000FCFC04 /* sintyaAFL4App.swift in Sources */,
				04104DD5284A35EE00FCFC04 /* NewsAPIResponse.swift in Sources */,
				04104DF7284B94E800FCFC04 /* SearchTabView.swift in Sources */,
				04104DF3284B91DD00FCFC04 /* ArticleSearchViewModel.swift in Sources */,
				04104DE2284A464C00FCFC04 /* Category.swift in Sources */,
				04104DE5284A5D2300FCFC04 /* ArticleNewsViewModel.swift in Sources */,
				04104DED284B839D00FCFC04 /* ArticleBookmarkViewModel.swift in Sources */,
				04104DD3284A34FD00FCFC04 /* Article.swift in Sources */,
				04104DDD284A3F3700FCFC04 /* SafariView.swift in Sources */,
				04104DE7284A5FEF00FCFC04 /* NewsTabsView.swift in Sources */,
				04104DE0284A453900FCFC04 /* NewsAPI.swift in Sources */,
				04104DEF284B884800FCFC04 /* BookmarkTabView.swift in Sources */,
			);
			runOnlyForDeploymentPostprocessing = 0;
		};
/* End PBXSourcesBuildPhase section */

/* Begin XCBuildConfiguration section */
		04104DCA284A31E100FCFC04 /* Debug */ = {
			isa = XCBuildConfiguration;
			buildSettings = {
				ALWAYS_SEARCH_USER_PATHS = NO;
				CLANG_ANALYZER_NONNULL = YES;
				CLANG_ANALYZER_NUMBER_OBJECT_CONVERSION = YES_AGGRESSIVE;
				CLANG_CXX_LANGUAGE_STANDARD = "gnu++17";
				CLANG_CXX_LIBRARY = "libc++";
				CLANG_ENABLE_MODULES = YES;
				CLANG_ENABLE_OBJC_ARC = YES;
				CLANG_ENABLE_OBJC_WEAK = YES;
				CLANG_WARN_BLOCK_CAPTURE_AUTORELEASING = YES;
				CLANG_WARN_BOOL_CONVERSION = YES;
				CLANG_WARN_COMMA = YES;
				CLANG_WARN_CONSTANT_CONVERSION = YES;
				CLANG_WARN_DEPRECATED_OBJC_IMPLEMENTATIONS = YES;
				CLANG_WARN_DIRECT_OBJC_ISA_USAGE = YES_ERROR;
				CLANG_WARN_DOCUMENTATION_COMMENTS = YES;
				CLANG_WARN_EMPTY_BODY = YES;
				CLANG_WARN_ENUM_CONVERSION = YES;
				CLANG_WARN_INFINITE_RECURSION = YES;
				CLANG_WARN_INT_CONVERSION = YES;
				CLANG_WARN_NON_LITERAL_NULL_CONVERSION = YES;
				CLANG_WARN_OBJC_IMPLICIT_RETAIN_SELF = YES;
				CLANG_WARN_OBJC_LITERAL_CONVERSION = YES;
				CLANG_WARN_OBJC_ROOT_CLASS = YES_ERROR;
				CLANG_WARN_QUOTED_INCLUDE_IN_FRAMEWORK_HEADER = YES;
				CLANG_WARN_RANGE_LOOP_ANALYSIS = YES;
				CLANG_WARN_STRICT_PROTOTYPES = YES;
				CLANG_WARN_SUSPICIOUS_MOVE = YES;
				CLANG_WARN_UNGUARDED_AVAILABILITY = YES_AGGRESSIVE;
				CLANG_WARN_UNREACHABLE_CODE = YES;
				CLANG_WARN__DUPLICATE_METHOD_MATCH = YES;
				COPY_PHASE_STRIP = NO;
				DEBUG_INFORMATION_FORMAT = dwarf;
				ENABLE_STRICT_OBJC_MSGSEND = YES;
				ENABLE_TESTABILITY = YES;
				GCC_C_LANGUAGE_STANDARD = gnu11;
				GCC_DYNAMIC_NO_PIC = NO;
				GCC_NO_COMMON_BLOCKS = YES;
				GCC_OPTIMIZATION_LEVEL = 0;
				GCC_PREPROCESSOR_DEFINITIONS = (
					"DEBUG=1",
					"$(inherited)",
				);
				GCC_WARN_64_TO_32_BIT_CONVERSION = YES;
				GCC_WARN_ABOUT_RETURN_TYPE = YES_ERROR;
				GCC_WARN_UNDECLARED_SELECTOR = YES;
				GCC_WARN_UNINITIALIZED_AUTOS = YES_AGGRESSIVE;
				GCC_WARN_UNUSED_FUNCTION = YES;
				GCC_WARN_UNUSED_VARIABLE = YES;
				IPHONEOS_DEPLOYMENT_TARGET = 15.2;
				MTL_ENABLE_DEBUG_INFO = INCLUDE_SOURCE;
				MTL_FAST_MATH = YES;
				ONLY_ACTIVE_ARCH = YES;
				SDKROOT = iphoneos;
				SWIFT_ACTIVE_COMPILATION_CONDITIONS = DEBUG;
				SWIFT_OPTIMIZATION_LEVEL = "-Onone";
			};
			name = Debug;
		};
		04104DCB284A31E100FCFC04 /* Release */ = {
			isa = XCBuildConfiguration;
			buildSettings = {
				ALWAYS_SEARCH_USER_PATHS = NO;
				CLANG_ANALYZER_NONNULL = YES;
				CLANG_ANALYZER_NUMBER_OBJECT_CONVERSION = YES_AGGRESSIVE;
				CLANG_CXX_LANGUAGE_STANDARD = "gnu++17";
				CLANG_CXX_LIBRARY = "libc++";
				CLANG_ENABLE_MODULES = YES;
				CLANG_ENABLE_OBJC_ARC = YES;
				CLANG_ENABLE_OBJC_WEAK = YES;
				CLANG_WARN_BLOCK_CAPTURE_AUTORELEASING = YES;
				CLANG_WARN_BOOL_CONVERSION = YES;
				CLANG_WARN_COMMA = YES;
				CLANG_WARN_CONSTANT_CONVERSION = YES;
				CLANG_WARN_DEPRECATED_OBJC_IMPLEMENTATIONS = YES;
				CLANG_WARN_DIRECT_OBJC_ISA_USAGE = YES_ERROR;
				CLANG_WARN_DOCUMENTATION_COMMENTS = YES;
				CLANG_WARN_EMPTY_BODY = YES;
				CLANG_WARN_ENUM_CONVERSION = YES;
				CLANG_WARN_INFINITE_RECURSION = YES;
				CLANG_WARN_INT_CONVERSION = YES;
				CLANG_WARN_NON_LITERAL_NULL_CONVERSION = YES;
				CLANG_WARN_OBJC_IMPLICIT_RETAIN_SELF = YES;
				CLANG_WARN_OBJC_LITERAL_CONVERSION = YES;
				CLANG_WARN_OBJC_ROOT_CLASS = YES_ERROR;
				CLANG_WARN_QUOTED_INCLUDE_IN_FRAMEWORK_HEADER = YES;
				CLANG_WARN_RANGE_LOOP_ANALYSIS = YES;
				CLANG_WARN_STRICT_PROTOTYPES = YES;
				CLANG_WARN_SUSPICIOUS_MOVE = YES;
				CLANG_WARN_UNGUARDED_AVAILABILITY = YES_AGGRESSIVE;
				CLANG_WARN_UNREACHABLE_CODE = YES;
				CLANG_WARN__DUPLICATE_METHOD_MATCH = YES;
				COPY_PHASE_STRIP = NO;
				DEBUG_INFORMATION_FORMAT = "dwarf-with-dsym";
				ENABLE_NS_ASSERTIONS = NO;
				ENABLE_STRICT_OBJC_MSGSEND = YES;
				GCC_C_LANGUAGE_STANDARD = gnu11;
				GCC_NO_COMMON_BLOCKS = YES;
				GCC_WARN_64_TO_32_BIT_CONVERSION = YES;
				GCC_WARN_ABOUT_RETURN_TYPE = YES_ERROR;
				GCC_WARN_UNDECLARED_SELECTOR = YES;
				GCC_WARN_UNINITIALIZED_AUTOS = YES_AGGRESSIVE;
				GCC_WARN_UNUSED_FUNCTION = YES;
				GCC_WARN_UNUSED_VARIABLE = YES;
				IPHONEOS_DEPLOYMENT_TARGET = 15.2;
				MTL_ENABLE_DEBUG_INFO = NO;
				MTL_FAST_MATH = YES;
				SDKROOT = iphoneos;
				SWIFT_COMPILATION_MODE = wholemodule;
				SWIFT_OPTIMIZATION_LEVEL = "-O";
				VALIDATE_PRODUCT = YES;
			};
			name = Release;
		};
		04104DCD284A31E100FCFC04 /* Debug */ = {
			isa = XCBuildConfiguration;
			buildSettings = {
				ASSETCATALOG_COMPILER_APPICON_NAME = AppIcon;
				ASSETCATALOG_COMPILER_GLOBAL_ACCENT_COLOR_NAME = AccentColor;
				CODE_SIGN_STYLE = Automatic;
				CURRENT_PROJECT_VERSION = 1;
				DEVELOPMENT_ASSET_PATHS = "\"sintyaAFL4/Preview Content\"";
				ENABLE_PREVIEWS = YES;
				GENERATE_INFOPLIST_FILE = YES;
				INFOPLIST_FILE = sintyaAFL4/Info.plist;
				INFOPLIST_KEY_UIApplicationSceneManifest_Generation = YES;
				INFOPLIST_KEY_UIApplicationSupportsIndirectInputEvents = YES;
				INFOPLIST_KEY_UILaunchScreen_Generation = YES;
				INFOPLIST_KEY_UISupportedInterfaceOrientations_iPad = "UIInterfaceOrientationPortrait UIInterfaceOrientationPortraitUpsideDown UIInterfaceOrientationLandscapeLeft UIInterfaceOrientationLandscapeRight";
				INFOPLIST_KEY_UISupportedInterfaceOrientations_iPhone = "UIInterfaceOrientationPortrait UIInterfaceOrientationLandscapeLeft UIInterfaceOrientationLandscapeRight";
				LD_RUNPATH_SEARCH_PATHS = (
					"$(inherited)",
					"@executable_path/Frameworks",
				);
				MARKETING_VERSION = 1.0;
				PRODUCT_BUNDLE_IDENTIFIER = TheShire.sintyaAFL4;
				PRODUCT_NAME = "$(TARGET_NAME)";
				SWIFT_EMIT_LOC_STRINGS = YES;
				SWIFT_VERSION = 5.0;
				TARGETED_DEVICE_FAMILY = "1,2";
			};
			name = Debug;
		};
		04104DCE284A31E100FCFC04 /* Release */ = {
			isa = XCBuildConfiguration;
			buildSettings = {
				ASSETCATALOG_COMPILER_APPICON_NAME = AppIcon;
				ASSETCATALOG_COMPILER_GLOBAL_ACCENT_COLOR_NAME = AccentColor;
				CODE_SIGN_STYLE = Automatic;
				CURRENT_PROJECT_VERSION = 1;
				DEVELOPMENT_ASSET_PATHS = "\"sintyaAFL4/Preview Content\"";
				ENABLE_PREVIEWS = YES;
				GENERATE_INFOPLIST_FILE = YES;
				INFOPLIST_FILE = sintyaAFL4/Info.plist;
				INFOPLIST_KEY_UIApplicationSceneManifest_Generation = YES;
				INFOPLIST_KEY_UIApplicationSupportsIndirectInputEvents = YES;
				INFOPLIST_KEY_UILaunchScreen_Generation = YES;
				INFOPLIST_KEY_UISupportedInterfaceOrientations_iPad = "UIInterfaceOrientationPortrait UIInterfaceOrientationPortraitUpsideDown UIInterfaceOrientationLandscapeLeft UIInterfaceOrientationLandscapeRight";
				INFOPLIST_KEY_UISupportedInterfaceOrientations_iPhone = "UIInterfaceOrientationPortrait UIInterfaceOrientationLandscapeLeft UIInterfaceOrientationLandscapeRight";
				LD_RUNPATH_SEARCH_PATHS = (
					"$(inherited)",
					"@executable_path/Frameworks",
				);
				MARKETING_VERSION = 1.0;
				PRODUCT_BUNDLE_IDENTIFIER = TheShire.sintyaAFL4;
				PRODUCT_NAME = "$(TARGET_NAME)";
				SWIFT_EMIT_LOC_STRINGS = YES;
				SWIFT_VERSION = 5.0;
				TARGETED_DEVICE_FAMILY = "1,2";
			};
			name = Release;
		};
/* End XCBuildConfiguration section */

/* Begin XCConfigurationList section */
		04104DB9284A31E000FCFC04 /* Build configuration list for PBXProject "sintyaAFL4" */ = {
			isa = XCConfigurationList;
			buildConfigurations = (
				04104DCA284A31E100FCFC04 /* Debug */,
				04104DCB284A31E100FCFC04 /* Release */,
			);
			defaultConfigurationIsVisible = 0;
			defaultConfigurationName = Release;
		};
		04104DCC284A31E100FCFC04 /* Build configuration list for PBXNativeTarget "sintyaAFL4" */ = {
			isa = XCConfigurationList;
			buildConfigurations = (
				04104DCD284A31E100FCFC04 /* Debug */,
				04104DCE284A31E100FCFC04 /* Release */,
			);
			defaultConfigurationIsVisible = 0;
			defaultConfigurationName = Release;
		};
/* End XCConfigurationList section */
	};
	rootObject = 04104DB6284A31E000FCFC04 /* Project object */;
}
